
Microsoft Visual Studio Solution File, Format Version 12.00
# Visual Studio Version 16
VisualStudioVersion = 16.0.31729.503
MinimumVisualStudioVersion = 10.0.40219.1
Project("{FAE04EC0-301F-11D3-BF4B-00C04F79EFBC}") = "GithubProje.App", "GithubProje.App\GithubProje.App.csproj", "{6E4E0751-7E93-4EBE-A254-77C33FBFD7F9}"
EndProject
Global
	GlobalSection(SolutionConfigurationPlatforms) = preSolution
		Debug|Any CPU = Debug|Any CPU
		Release|Any CPU = Release|Any CPU
	EndGlobalSection
	GlobalSection(ProjectConfigurationPlatforms) = postSolution
		{6E4E0751-7E93-4EBE-A254-77C33FBFD7F9}.Debug|Any CPU.ActiveCfg = Debug|Any CPU
		{6E4E0751-7E93-4EBE-A254-77C33FBFD7F9}.Debug|Any CPU.Build.0 = Debug|Any CPU
		{6E4E0751-7E93-4EBE-A254-77C33FBFD7F9}.Release|Any CPU.ActiveCfg = Release|Any CPU
		{6E4E0751-7E93-4EBE-A254-77C33FBFD7F9}.Release|Any CPU.Build.0 = Release|Any CPU
	EndGlobalSection
	GlobalSection(SolutionProperties) = preSolution
		HideSolutionNode = FALSE
	EndGlobalSection
	GlobalSection(ExtensibilityGlobals) = postSolution
		SolutionGuid = {D6A67E52-2BDC-4695-90D1-39E8D16CA717}
	EndGlobalSection
EndGlobal
